// !$*UTF8*$!
{
	archiveVersion = 1;
	classes = {
	};
	objectVersion = 56;
	objects = {

/* Begin PBXBuildFile section */
		D85EEEB42A1C1245008EC010 /* TitleAndDescriptionLabelView.swift in Sources */ = {isa = PBXBuildFile; fileRef = D85EEEB32A1C1244008EC010 /* TitleAndDescriptionLabelView.swift */; };
		D877FE7E2A24242500E2927E /* OnboardingContainerViewController.swift in Sources */ = {isa = PBXBuildFile; fileRef = D877FE7D2A24242500E2927E /* OnboardingContainerViewController.swift */; };
		D877FE812A2657BC00E2927E /* FirstOnboardingViewController.swift in Sources */ = {isa = PBXBuildFile; fileRef = D877FE802A2657BC00E2927E /* FirstOnboardingViewController.swift */; };
		D877FE832A266DEF00E2927E /* CubeView.swift in Sources */ = {isa = PBXBuildFile; fileRef = D877FE822A266DEF00E2927E /* CubeView.swift */; };
		D8F6CBD52A1BEF9A00D7B522 /* AppDelegate.swift in Sources */ = {isa = PBXBuildFile; fileRef = D8F6CBD42A1BEF9A00D7B522 /* AppDelegate.swift */; };
		D8F6CBD72A1BEF9A00D7B522 /* SceneDelegate.swift in Sources */ = {isa = PBXBuildFile; fileRef = D8F6CBD62A1BEF9A00D7B522 /* SceneDelegate.swift */; };
		D8F6CBD92A1BEF9A00D7B522 /* ViewController.swift in Sources */ = {isa = PBXBuildFile; fileRef = D8F6CBD82A1BEF9A00D7B522 /* ViewController.swift */; };
		D8F6CBDE2A1BEF9C00D7B522 /* Assets.xcassets in Resources */ = {isa = PBXBuildFile; fileRef = D8F6CBDD2A1BEF9C00D7B522 /* Assets.xcassets */; };
		D8F6CBE12A1BEF9C00D7B522 /* LaunchScreen.storyboard in Resources */ = {isa = PBXBuildFile; fileRef = D8F6CBDF2A1BEF9C00D7B522 /* LaunchScreen.storyboard */; };
		D8F6CBEB2A1BF31700D7B522 /* LoginView.swift in Sources */ = {isa = PBXBuildFile; fileRef = D8F6CBEA2A1BF31700D7B522 /* LoginView.swift */; };
/* End PBXBuildFile section */

/* Begin PBXFileReference section */
		D85EEEB32A1C1244008EC010 /* TitleAndDescriptionLabelView.swift */ = {isa = PBXFileReference; lastKnownFileType = sourcecode.swift; path = TitleAndDescriptionLabelView.swift; sourceTree = "<group>"; };
		D877FE7D2A24242500E2927E /* OnboardingContainerViewController.swift */ = {isa = PBXFileReference; lastKnownFileType = sourcecode.swift; path = OnboardingContainerViewController.swift; sourceTree = "<group>"; };
		D877FE802A2657BC00E2927E /* FirstOnboardingViewController.swift */ = {isa = PBXFileReference; lastKnownFileType = sourcecode.swift; path = FirstOnboardingViewController.swift; sourceTree = "<group>"; };
		D877FE822A266DEF00E2927E /* CubeView.swift */ = {isa = PBXFileReference; lastKnownFileType = sourcecode.swift; path = CubeView.swift; sourceTree = "<group>"; };
		D8F6CBD12A1BEF9A00D7B522 /* BankApp.app */ = {isa = PBXFileReference; explicitFileType = wrapper.application; includeInIndex = 0; path = BankApp.app; sourceTree = BUILT_PRODUCTS_DIR; };
		D8F6CBD42A1BEF9A00D7B522 /* AppDelegate.swift */ = {isa = PBXFileReference; lastKnownFileType = sourcecode.swift; path = AppDelegate.swift; sourceTree = "<group>"; };
		D8F6CBD62A1BEF9A00D7B522 /* SceneDelegate.swift */ = {isa = PBXFileReference; lastKnownFileType = sourcecode.swift; path = SceneDelegate.swift; sourceTree = "<group>"; };
		D8F6CBD82A1BEF9A00D7B522 /* ViewController.swift */ = {isa = PBXFileReference; lastKnownFileType = sourcecode.swift; path = ViewController.swift; sourceTree = "<group>"; };
		D8F6CBDD2A1BEF9C00D7B522 /* Assets.xcassets */ = {isa = PBXFileReference; lastKnownFileType = folder.assetcatalog; path = Assets.xcassets; sourceTree = "<group>"; };
		D8F6CBE02A1BEF9C00D7B522 /* Base */ = {isa = PBXFileReference; lastKnownFileType = file.storyboard; name = Base; path = Base.lproj/LaunchScreen.storyboard; sourceTree = "<group>"; };
		D8F6CBE22A1BEF9C00D7B522 /* Info.plist */ = {isa = PBXFileReference; lastKnownFileType = text.plist.xml; path = Info.plist; sourceTree = "<group>"; };
		D8F6CBEA2A1BF31700D7B522 /* LoginView.swift */ = {isa = PBXFileReference; lastKnownFileType = sourcecode.swift; path = LoginView.swift; sourceTree = "<group>"; };
/* End PBXFileReference section */

/* Begin PBXFrameworksBuildPhase section */
		D8F6CBCE2A1BEF9A00D7B522 /* Frameworks */ = {
			isa = PBXFrameworksBuildPhase;
			buildActionMask = 2147483647;
			files = (
			);
			runOnlyForDeploymentPostprocessing = 0;
		};
/* End PBXFrameworksBuildPhase section */

/* Begin PBXGroup section */
		D85EEEB22A1C1212008EC010 /* General */ = {
			isa = PBXGroup;
			children = (
				D8F6CBEA2A1BF31700D7B522 /* LoginView.swift */,
				D85EEEB32A1C1244008EC010 /* TitleAndDescriptionLabelView.swift */,
			);
			path = General;
			sourceTree = "<group>";
		};
		D877FE7C2A2423FA00E2927E /* Onboarding */ = {
			isa = PBXGroup;
			children = (
				D877FE7D2A24242500E2927E /* OnboardingContainerViewController.swift */,
				D877FE7F2A26576000E2927E /* Modules */,
			);
			path = Onboarding;
			sourceTree = "<group>";
		};
		D877FE7F2A26576000E2927E /* Modules */ = {
			isa = PBXGroup;
			children = (
				D877FE802A2657BC00E2927E /* FirstOnboardingViewController.swift */,
				D877FE842A26B7CC00E2927E /* Views */,
			);
			path = Modules;
			sourceTree = "<group>";
		};
		D877FE842A26B7CC00E2927E /* Views */ = {
			isa = PBXGroup;
			children = (
				D877FE822A266DEF00E2927E /* CubeView.swift */,
			);
			path = Views;
			sourceTree = "<group>";
		};
		D8F6CBC82A1BEF9A00D7B522 = {
			isa = PBXGroup;
			children = (
				D8F6CBD32A1BEF9A00D7B522 /* BankApp */,
				D8F6CBD22A1BEF9A00D7B522 /* Products */,
			);
			sourceTree = "<group>";
		};
		D8F6CBD22A1BEF9A00D7B522 /* Products */ = {
			isa = PBXGroup;
			children = (
				D8F6CBD12A1BEF9A00D7B522 /* BankApp.app */,
			);
			name = Products;
			sourceTree = "<group>";
		};
		D8F6CBD32A1BEF9A00D7B522 /* BankApp */ = {
			isa = PBXGroup;
			children = (
				D877FE7C2A2423FA00E2927E /* Onboarding */,
				D8F6CBE82A1BF18F00D7B522 /* Files */,
				D8F6CBE92A1BF1F000D7B522 /* Core */,
				D8F6CBD42A1BEF9A00D7B522 /* AppDelegate.swift */,
				D8F6CBD62A1BEF9A00D7B522 /* SceneDelegate.swift */,
				D8F6CBDD2A1BEF9C00D7B522 /* Assets.xcassets */,
				D8F6CBDF2A1BEF9C00D7B522 /* LaunchScreen.storyboard */,
				D8F6CBE22A1BEF9C00D7B522 /* Info.plist */,
			);
			path = BankApp;
			sourceTree = "<group>";
		};
		D8F6CBE82A1BF18F00D7B522 /* Files */ = {
			isa = PBXGroup;
			children = (
			);
			path = Files;
			sourceTree = "<group>";
		};
		D8F6CBE92A1BF1F000D7B522 /* Core */ = {
			isa = PBXGroup;
			children = (
				D8F6CBD82A1BEF9A00D7B522 /* ViewController.swift */,
				D85EEEB22A1C1212008EC010 /* General */,
			);
			path = Core;
			sourceTree = "<group>";
		};
/* End PBXGroup section */

/* Begin PBXNativeTarget section */
		D8F6CBD02A1BEF9A00D7B522 /* BankApp */ = {
			isa = PBXNativeTarget;
			buildConfigurationList = D8F6CBE52A1BEF9C00D7B522 /* Build configuration list for PBXNativeTarget "BankApp" */;
			buildPhases = (
				D8F6CBCD2A1BEF9A00D7B522 /* Sources */,
				D8F6CBCE2A1BEF9A00D7B522 /* Frameworks */,
				D8F6CBCF2A1BEF9A00D7B522 /* Resources */,
			);
			buildRules = (
			);
			dependencies = (
			);
			name = BankApp;
			productName = BankApp;
			productReference = D8F6CBD12A1BEF9A00D7B522 /* BankApp.app */;
			productType = "com.apple.product-type.application";
		};
/* End PBXNativeTarget section */

/* Begin PBXProject section */
		D8F6CBC92A1BEF9A00D7B522 /* Project object */ = {
			isa = PBXProject;
			attributes = {
				BuildIndependentTargetsInParallel = 1;
				LastSwiftUpdateCheck = 1420;
				LastUpgradeCheck = 1420;
				TargetAttributes = {
					D8F6CBD02A1BEF9A00D7B522 = {
						CreatedOnToolsVersion = 14.2;
					};
				};
			};
			buildConfigurationList = D8F6CBCC2A1BEF9A00D7B522 /* Build configuration list for PBXProject "BankApp" */;
			compatibilityVersion = "Xcode 14.0";
			developmentRegion = en;
			hasScannedForEncodings = 0;
			knownRegions = (
				en,
				Base,
			);
			mainGroup = D8F6CBC82A1BEF9A00D7B522;
			productRefGroup = D8F6CBD22A1BEF9A00D7B522 /* Products */;
			projectDirPath = "";
			projectRoot = "";
			targets = (
				D8F6CBD02A1BEF9A00D7B522 /* BankApp */,
			);
		};
/* End PBXProject section */

/* Begin PBXResourcesBuildPhase section */
		D8F6CBCF2A1BEF9A00D7B522 /* Resources */ = {
			isa = PBXResourcesBuildPhase;
			buildActionMask = 2147483647;
			files = (
				D8F6CBE12A1BEF9C00D7B522 /* LaunchScreen.storyboard in Resources */,
				D8F6CBDE2A1BEF9C00D7B522 /* Assets.xcassets in Resources */,
			);
			runOnlyForDeploymentPostprocessing = 0;
		};
/* End PBXResourcesBuildPhase section */

/* Begin PBXSourcesBuildPhase section */
		D8F6CBCD2A1BEF9A00D7B522 /* Sources */ = {
			isa = PBXSourcesBuildPhase;
			buildActionMask = 2147483647;
			files = (
				D8F6CBD92A1BEF9A00D7B522 /* ViewController.swift in Sources */,
				D85EEEB42A1C1245008EC010 /* TitleAndDescriptionLabelView.swift in Sources */,
				D8F6CBD52A1BEF9A00D7B522 /* AppDelegate.swift in Sources */,
				D877FE832A266DEF00E2927E /* CubeView.swift in Sources */,
				D8F6CBEB2A1BF31700D7B522 /* LoginView.swift in Sources */,
				D877FE7E2A24242500E2927E /* OnboardingContainerViewController.swift in Sources */,
				D8F6CBD72A1BEF9A00D7B522 /* SceneDelegate.swift in Sources */,
				D877FE812A2657BC00E2927E /* FirstOnboardingViewController.swift in Sources */,
			);
			runOnlyForDeploymentPostprocessing = 0;
		};
/* End PBXSourcesBuildPhase section */

/* Begin PBXVariantGroup section */
		D8F6CBDF2A1BEF9C00D7B522 /* LaunchScreen.storyboard */ = {
			isa = PBXVariantGroup;
			children = (
				D8F6CBE02A1BEF9C00D7B522 /* Base */,
			);
			name = LaunchScreen.storyboard;
			sourceTree = "<group>";
		};
/* End PBXVariantGroup section */

/* Begin XCBuildConfiguration section */
		D8F6CBE32A1BEF9C00D7B522 /* Debug */ = {
			isa = XCBuildConfiguration;
			buildSettings = {
				ALWAYS_SEARCH_USER_PATHS = NO;
				CLANG_ANALYZER_NONNULL = YES;
				CLANG_ANALYZER_NUMBER_OBJECT_CONVERSION = YES_AGGRESSIVE;
				CLANG_CXX_LANGUAGE_STANDARD = "gnu++20";
				CLANG_ENABLE_MODULES = YES;
				CLANG_ENABLE_OBJC_ARC = YES;
				CLANG_ENABLE_OBJC_WEAK = YES;
				CLANG_WARN_BLOCK_CAPTURE_AUTORELEASING = YES;
				CLANG_WARN_BOOL_CONVERSION = YES;
				CLANG_WARN_COMMA = YES;
				CLANG_WARN_CONSTANT_CONVERSION = YES;
				CLANG_WARN_DEPRECATED_OBJC_IMPLEMENTATIONS = YES;
				CLANG_WARN_DIRECT_OBJC_ISA_USAGE = YES_ERROR;
				CLANG_WARN_DOCUMENTATION_COMMENTS = YES;
				CLANG_WARN_EMPTY_BODY = YES;
				CLANG_WARN_ENUM_CONVERSION = YES;
				CLANG_WARN_INFINITE_RECURSION = YES;
				CLANG_WARN_INT_CONVERSION = YES;
				CLANG_WARN_NON_LITERAL_NULL_CONVERSION = YES;
				CLANG_WARN_OBJC_IMPLICIT_RETAIN_SELF = YES;
				CLANG_WARN_OBJC_LITERAL_CONVERSION = YES;
				CLANG_WARN_OBJC_ROOT_CLASS = YES_ERROR;
				CLANG_WARN_QUOTED_INCLUDE_IN_FRAMEWORK_HEADER = YES;
				CLANG_WARN_RANGE_LOOP_ANALYSIS = YES;
				CLANG_WARN_STRICT_PROTOTYPES = YES;
				CLANG_WARN_SUSPICIOUS_MOVE = YES;
				CLANG_WARN_UNGUARDED_AVAILABILITY = YES_AGGRESSIVE;
				CLANG_WARN_UNREACHABLE_CODE = YES;
				CLANG_WARN__DUPLICATE_METHOD_MATCH = YES;
				COPY_PHASE_STRIP = NO;
				DEBUG_INFORMATION_FORMAT = dwarf;
				ENABLE_STRICT_OBJC_MSGSEND = YES;
				ENABLE_TESTABILITY = YES;
				GCC_C_LANGUAGE_STANDARD = gnu11;
				GCC_DYNAMIC_NO_PIC = NO;
				GCC_NO_COMMON_BLOCKS = YES;
				GCC_OPTIMIZATION_LEVEL = 0;
				GCC_PREPROCESSOR_DEFINITIONS = (
					"DEBUG=1",
					"$(inherited)",
				);
				GCC_WARN_64_TO_32_BIT_CONVERSION = YES;
				GCC_WARN_ABOUT_RETURN_TYPE = YES_ERROR;
				GCC_WARN_UNDECLARED_SELECTOR = YES;
				GCC_WARN_UNINITIALIZED_AUTOS = YES_AGGRESSIVE;
				GCC_WARN_UNUSED_FUNCTION = YES;
				GCC_WARN_UNUSED_VARIABLE = YES;
				IPHONEOS_DEPLOYMENT_TARGET = 16.2;
				MTL_ENABLE_DEBUG_INFO = INCLUDE_SOURCE;
				MTL_FAST_MATH = YES;
				ONLY_ACTIVE_ARCH = YES;
				SDKROOT = iphoneos;
				SWIFT_ACTIVE_COMPILATION_CONDITIONS = DEBUG;
				SWIFT_OPTIMIZATION_LEVEL = "-Onone";
			};
			name = Debug;
		};
		D8F6CBE42A1BEF9C00D7B522 /* Release */ = {
			isa = XCBuildConfiguration;
			buildSettings = {
				ALWAYS_SEARCH_USER_PATHS = NO;
				CLANG_ANALYZER_NONNULL = YES;
				CLANG_ANALYZER_NUMBER_OBJECT_CONVERSION = YES_AGGRESSIVE;
				CLANG_CXX_LANGUAGE_STANDARD = "gnu++20";
				CLANG_ENABLE_MODULES = YES;
				CLANG_ENABLE_OBJC_ARC = YES;
				CLANG_ENABLE_OBJC_WEAK = YES;
				CLANG_WARN_BLOCK_CAPTURE_AUTORELEASING = YES;
				CLANG_WARN_BOOL_CONVERSION = YES;
				CLANG_WARN_COMMA = YES;
				CLANG_WARN_CONSTANT_CONVERSION = YES;
				CLANG_WARN_DEPRECATED_OBJC_IMPLEMENTATIONS = YES;
				CLANG_WARN_DIRECT_OBJC_ISA_USAGE = YES_ERROR;
				CLANG_WARN_DOCUMENTATION_COMMENTS = YES;
				CLANG_WARN_EMPTY_BODY = YES;
				CLANG_WARN_ENUM_CONVERSION = YES;
				CLANG_WARN_INFINITE_RECURSION = YES;
				CLANG_WARN_INT_CONVERSION = YES;
				CLANG_WARN_NON_LITERAL_NULL_CONVERSION = YES;
				CLANG_WARN_OBJC_IMPLICIT_RETAIN_SELF = YES;
				CLANG_WARN_OBJC_LITERAL_CONVERSION = YES;
				CLANG_WARN_OBJC_ROOT_CLASS = YES_ERROR;
				CLANG_WARN_QUOTED_INCLUDE_IN_FRAMEWORK_HEADER = YES;
				CLANG_WARN_RANGE_LOOP_ANALYSIS = YES;
				CLANG_WARN_STRICT_PROTOTYPES = YES;
				CLANG_WARN_SUSPICIOUS_MOVE = YES;
				CLANG_WARN_UNGUARDED_AVAILABILITY = YES_AGGRESSIVE;
				CLANG_WARN_UNREACHABLE_CODE = YES;
				CLANG_WARN__DUPLICATE_METHOD_MATCH = YES;
				COPY_PHASE_STRIP = NO;
				DEBUG_INFORMATION_FORMAT = "dwarf-with-dsym";
				ENABLE_NS_ASSERTIONS = NO;
				ENABLE_STRICT_OBJC_MSGSEND = YES;
				GCC_C_LANGUAGE_STANDARD = gnu11;
				GCC_NO_COMMON_BLOCKS = YES;
				GCC_WARN_64_TO_32_BIT_CONVERSION = YES;
				GCC_WARN_ABOUT_RETURN_TYPE = YES_ERROR;
				GCC_WARN_UNDECLARED_SELECTOR = YES;
				GCC_WARN_UNINITIALIZED_AUTOS = YES_AGGRESSIVE;
				GCC_WARN_UNUSED_FUNCTION = YES;
				GCC_WARN_UNUSED_VARIABLE = YES;
				IPHONEOS_DEPLOYMENT_TARGET = 16.2;
				MTL_ENABLE_DEBUG_INFO = NO;
				MTL_FAST_MATH = YES;
				SDKROOT = iphoneos;
				SWIFT_COMPILATION_MODE = wholemodule;
				SWIFT_OPTIMIZATION_LEVEL = "-O";
				VALIDATE_PRODUCT = YES;
			};
			name = Release;
		};
		D8F6CBE62A1BEF9C00D7B522 /* Debug */ = {
			isa = XCBuildConfiguration;
			buildSettings = {
				ASSETCATALOG_COMPILER_APPICON_NAME = AppIcon;
				ASSETCATALOG_COMPILER_GLOBAL_ACCENT_COLOR_NAME = AccentColor;
				CODE_SIGN_STYLE = Automatic;
				CURRENT_PROJECT_VERSION = 1;
				DEVELOPMENT_TEAM = 9KLKLA3BF5;
				GENERATE_INFOPLIST_FILE = YES;
				INFOPLIST_FILE = BankApp/Info.plist;
				INFOPLIST_KEY_UIApplicationSupportsIndirectInputEvents = YES;
				INFOPLIST_KEY_UILaunchStoryboardName = LaunchScreen;
				INFOPLIST_KEY_UISupportedInterfaceOrientations_iPad = "UIInterfaceOrientationPortrait UIInterfaceOrientationPortraitUpsideDown UIInterfaceOrientationLandscapeLeft UIInterfaceOrientationLandscapeRight";
				INFOPLIST_KEY_UISupportedInterfaceOrientations_iPhone = "UIInterfaceOrientationPortrait UIInterfaceOrientationLandscapeLeft UIInterfaceOrientationLandscapeRight";
				LD_RUNPATH_SEARCH_PATHS = (
					"$(inherited)",
					"@executable_path/Frameworks",
				);
				MARKETING_VERSION = 1.0;
				PRODUCT_BUNDLE_IDENTIFIER = com.zhanybeksalgarin.BankApp;
				PRODUCT_NAME = "$(TARGET_NAME)";
				SWIFT_EMIT_LOC_STRINGS = YES;
				SWIFT_VERSION = 5.0;
				TARGETED_DEVICE_FAMILY = "1,2";
			};
			name = Debug;
		};
		D8F6CBE72A1BEF9C00D7B522 /* Release */ = {
			isa = XCBuildConfiguration;
			buildSettings = {
				ASSETCATALOG_COMPILER_APPICON_NAME = AppIcon;
				ASSETCATALOG_COMPILER_GLOBAL_ACCENT_COLOR_NAME = AccentColor;
				CODE_SIGN_STYLE = Automatic;
				CURRENT_PROJECT_VERSION = 1;
				DEVELOPMENT_TEAM = 9KLKLA3BF5;
				GENERATE_INFOPLIST_FILE = YES;
				INFOPLIST_FILE = BankApp/Info.plist;
				INFOPLIST_KEY_UIApplicationSupportsIndirectInputEvents = YES;
				INFOPLIST_KEY_UILaunchStoryboardName = LaunchScreen;
				INFOPLIST_KEY_UISupportedInterfaceOrientations_iPad = "UIInterfaceOrientationPortrait UIInterfaceOrientationPortraitUpsideDown UIInterfaceOrientationLandscapeLeft UIInterfaceOrientationLandscapeRight";
				INFOPLIST_KEY_UISupportedInterfaceOrientations_iPhone = "UIInterfaceOrientationPortrait UIInterfaceOrientationLandscapeLeft UIInterfaceOrientationLandscapeRight";
				LD_RUNPATH_SEARCH_PATHS = (
					"$(inherited)",
					"@executable_path/Frameworks",
				);
				MARKETING_VERSION = 1.0;
				PRODUCT_BUNDLE_IDENTIFIER = com.zhanybeksalgarin.BankApp;
				PRODUCT_NAME = "$(TARGET_NAME)";
				SWIFT_EMIT_LOC_STRINGS = YES;
				SWIFT_VERSION = 5.0;
				TARGETED_DEVICE_FAMILY = "1,2";
			};
			name = Release;
		};
/* End XCBuildConfiguration section */

/* Begin XCConfigurationList section */
		D8F6CBCC2A1BEF9A00D7B522 /* Build configuration list for PBXProject "BankApp" */ = {
			isa = XCConfigurationList;
			buildConfigurations = (
				D8F6CBE32A1BEF9C00D7B522 /* Debug */,
				D8F6CBE42A1BEF9C00D7B522 /* Release */,
			);
			defaultConfigurationIsVisible = 0;
			defaultConfigurationName = Release;
		};
		D8F6CBE52A1BEF9C00D7B522 /* Build configuration list for PBXNativeTarget "BankApp" */ = {
			isa = XCConfigurationList;
			buildConfigurations = (
				D8F6CBE62A1BEF9C00D7B522 /* Debug */,
				D8F6CBE72A1BEF9C00D7B522 /* Release */,
			);
			defaultConfigurationIsVisible = 0;
			defaultConfigurationName = Release;
		};
/* End XCConfigurationList section */
	};
	rootObject = D8F6CBC92A1BEF9A00D7B522 /* Project object */;
}
